// !$*UTF8*$!
{
	archiveVersion = 1;
	classes = {
	};
	objectVersion = 56;
	objects = {

/* Begin PBXBuildFile section */
		745ADCBB2B54BBAB0068D2E7 /* AppDelegate.swift in Sources */ = {isa = PBXBuildFile; fileRef = 745ADCBA2B54BBAB0068D2E7 /* AppDelegate.swift */; };
		745ADCBD2B54BBAB0068D2E7 /* SceneDelegate.swift in Sources */ = {isa = PBXBuildFile; fileRef = 745ADCBC2B54BBAB0068D2E7 /* SceneDelegate.swift */; };
		745ADCBF2B54BBAB0068D2E7 /* ContentListViewController.swift in Sources */ = {isa = PBXBuildFile; fileRef = 745ADCBE2B54BBAB0068D2E7 /* ContentListViewController.swift */; };
		745ADCC22B54BBAB0068D2E7 /* Main.storyboard in Resources */ = {isa = PBXBuildFile; fileRef = 745ADCC02B54BBAB0068D2E7 /* Main.storyboard */; };
		745ADCC42B54BBAE0068D2E7 /* Assets.xcassets in Resources */ = {isa = PBXBuildFile; fileRef = 745ADCC32B54BBAE0068D2E7 /* Assets.xcassets */; };
		745ADCC72B54BBAE0068D2E7 /* LaunchScreen.storyboard in Resources */ = {isa = PBXBuildFile; fileRef = 745ADCC52B54BBAE0068D2E7 /* LaunchScreen.storyboard */; };
		745ADCD22B54BBAE0068D2E7 /* JsonToUIKitTests.swift in Sources */ = {isa = PBXBuildFile; fileRef = 745ADCD12B54BBAE0068D2E7 /* JsonToUIKitTests.swift */; };
		745ADCDC2B54BBAE0068D2E7 /* JsonToUIKitUITests.swift in Sources */ = {isa = PBXBuildFile; fileRef = 745ADCDB2B54BBAE0068D2E7 /* JsonToUIKitUITests.swift */; };
		745ADCDE2B54BBAE0068D2E7 /* JsonToUIKitUITestsLaunchTests.swift in Sources */ = {isa = PBXBuildFile; fileRef = 745ADCDD2B54BBAE0068D2E7 /* JsonToUIKitUITestsLaunchTests.swift */; };
		748A36312B64C54E0082DCD3 /* ViewController.swift in Sources */ = {isa = PBXBuildFile; fileRef = 748A36302B64C54E0082DCD3 /* ViewController.swift */; };
		748A36392B64D14D0082DCD3 /* TextTableViewCell.swift in Sources */ = {isa = PBXBuildFile; fileRef = 748A36372B64D14D0082DCD3 /* TextTableViewCell.swift */; };
		748A363D2B64D4B20082DCD3 /* SnapKit in Frameworks */ = {isa = PBXBuildFile; productRef = 748A363C2B64D4B20082DCD3 /* SnapKit */; };
		748A363F2B64D4B20082DCD3 /* SnapKit-Dynamic in Frameworks */ = {isa = PBXBuildFile; productRef = 748A363E2B64D4B20082DCD3 /* SnapKit-Dynamic */; };
		748A36412B6502B10082DCD3 /* ImageTableViewCell.swift in Sources */ = {isa = PBXBuildFile; fileRef = 748A36402B6502B10082DCD3 /* ImageTableViewCell.swift */; };
		74E6C06C2B58C2BD00D9BC1B /* Documentation.docc in Sources */ = {isa = PBXBuildFile; fileRef = 74E6C06B2B58C2BD00D9BC1B /* Documentation.docc */; };
/* End PBXBuildFile section */

/* Begin PBXContainerItemProxy section */
		745ADCCE2B54BBAE0068D2E7 /* PBXContainerItemProxy */ = {
			isa = PBXContainerItemProxy;
			containerPortal = 745ADCAF2B54BBAB0068D2E7 /* Project object */;
			proxyType = 1;
			remoteGlobalIDString = 745ADCB62B54BBAB0068D2E7;
			remoteInfo = JsonToUIKit;
		};
		745ADCD82B54BBAE0068D2E7 /* PBXContainerItemProxy */ = {
			isa = PBXContainerItemProxy;
			containerPortal = 745ADCAF2B54BBAB0068D2E7 /* Project object */;
			proxyType = 1;
			remoteGlobalIDString = 745ADCB62B54BBAB0068D2E7;
			remoteInfo = JsonToUIKit;
		};
/* End PBXContainerItemProxy section */

/* Begin PBXFileReference section */
		745ADCB72B54BBAB0068D2E7 /* JsonToUIKit.app */ = {isa = PBXFileReference; explicitFileType = wrapper.application; includeInIndex = 0; path = JsonToUIKit.app; sourceTree = BUILT_PRODUCTS_DIR; };
		745ADCBA2B54BBAB0068D2E7 /* AppDelegate.swift */ = {isa = PBXFileReference; lastKnownFileType = sourcecode.swift; path = AppDelegate.swift; sourceTree = "<group>"; };
		745ADCBC2B54BBAB0068D2E7 /* SceneDelegate.swift */ = {isa = PBXFileReference; lastKnownFileType = sourcecode.swift; path = SceneDelegate.swift; sourceTree = "<group>"; };
		745ADCBE2B54BBAB0068D2E7 /* ContentListViewController.swift */ = {isa = PBXFileReference; lastKnownFileType = sourcecode.swift; path = ContentListViewController.swift; sourceTree = "<group>"; };
		745ADCC12B54BBAB0068D2E7 /* Base */ = {isa = PBXFileReference; lastKnownFileType = file.storyboard; name = Base; path = Base.lproj/Main.storyboard; sourceTree = "<group>"; };
		745ADCC32B54BBAE0068D2E7 /* Assets.xcassets */ = {isa = PBXFileReference; lastKnownFileType = folder.assetcatalog; path = Assets.xcassets; sourceTree = "<group>"; };
		745ADCC62B54BBAE0068D2E7 /* Base */ = {isa = PBXFileReference; lastKnownFileType = file.storyboard; name = Base; path = Base.lproj/LaunchScreen.storyboard; sourceTree = "<group>"; };
		745ADCC82B54BBAE0068D2E7 /* Info.plist */ = {isa = PBXFileReference; lastKnownFileType = text.plist.xml; path = Info.plist; sourceTree = "<group>"; };
		745ADCCD2B54BBAE0068D2E7 /* JsonToUIKitTests.xctest */ = {isa = PBXFileReference; explicitFileType = wrapper.cfbundle; includeInIndex = 0; path = JsonToUIKitTests.xctest; sourceTree = BUILT_PRODUCTS_DIR; };
		745ADCD12B54BBAE0068D2E7 /* JsonToUIKitTests.swift */ = {isa = PBXFileReference; lastKnownFileType = sourcecode.swift; path = JsonToUIKitTests.swift; sourceTree = "<group>"; };
		745ADCD72B54BBAE0068D2E7 /* JsonToUIKitUITests.xctest */ = {isa = PBXFileReference; explicitFileType = wrapper.cfbundle; includeInIndex = 0; path = JsonToUIKitUITests.xctest; sourceTree = BUILT_PRODUCTS_DIR; };
		745ADCDB2B54BBAE0068D2E7 /* JsonToUIKitUITests.swift */ = {isa = PBXFileReference; lastKnownFileType = sourcecode.swift; path = JsonToUIKitUITests.swift; sourceTree = "<group>"; };
		745ADCDD2B54BBAE0068D2E7 /* JsonToUIKitUITestsLaunchTests.swift */ = {isa = PBXFileReference; lastKnownFileType = sourcecode.swift; path = JsonToUIKitUITestsLaunchTests.swift; sourceTree = "<group>"; };
		748A36302B64C54E0082DCD3 /* ViewController.swift */ = {isa = PBXFileReference; lastKnownFileType = sourcecode.swift; path = ViewController.swift; sourceTree = "<group>"; };
		748A36372B64D14D0082DCD3 /* TextTableViewCell.swift */ = {isa = PBXFileReference; lastKnownFileType = sourcecode.swift; path = TextTableViewCell.swift; sourceTree = "<group>"; };
		748A36402B6502B10082DCD3 /* ImageTableViewCell.swift */ = {isa = PBXFileReference; lastKnownFileType = sourcecode.swift; path = ImageTableViewCell.swift; sourceTree = "<group>"; };
		74E6C06B2B58C2BD00D9BC1B /* Documentation.docc */ = {isa = PBXFileReference; lastKnownFileType = folder.documentationcatalog; path = Documentation.docc; sourceTree = "<group>"; };
/* End PBXFileReference section */

/* Begin PBXFrameworksBuildPhase section */
		745ADCB42B54BBAB0068D2E7 /* Frameworks */ = {
			isa = PBXFrameworksBuildPhase;
			buildActionMask = 2147483647;
			files = (
				748A363D2B64D4B20082DCD3 /* SnapKit in Frameworks */,
				748A363F2B64D4B20082DCD3 /* SnapKit-Dynamic in Frameworks */,
			);
			runOnlyForDeploymentPostprocessing = 0;
		};
		745ADCCA2B54BBAE0068D2E7 /* Frameworks */ = {
			isa = PBXFrameworksBuildPhase;
			buildActionMask = 2147483647;
			files = (
			);
			runOnlyForDeploymentPostprocessing = 0;
		};
		745ADCD42B54BBAE0068D2E7 /* Frameworks */ = {
			isa = PBXFrameworksBuildPhase;
			buildActionMask = 2147483647;
			files = (
			);
			runOnlyForDeploymentPostprocessing = 0;
		};
/* End PBXFrameworksBuildPhase section */

/* Begin PBXGroup section */
		745ADCAE2B54BBAB0068D2E7 = {
			isa = PBXGroup;
			children = (
				745ADCB92B54BBAB0068D2E7 /* JsonToUIKit */,
				745ADCD02B54BBAE0068D2E7 /* JsonToUIKitTests */,
				745ADCDA2B54BBAE0068D2E7 /* JsonToUIKitUITests */,
				745ADCB82B54BBAB0068D2E7 /* Products */,
			);
			sourceTree = "<group>";
		};
		745ADCB82B54BBAB0068D2E7 /* Products */ = {
			isa = PBXGroup;
			children = (
				745ADCB72B54BBAB0068D2E7 /* JsonToUIKit.app */,
				745ADCCD2B54BBAE0068D2E7 /* JsonToUIKitTests.xctest */,
				745ADCD72B54BBAE0068D2E7 /* JsonToUIKitUITests.xctest */,
			);
			name = Products;
			sourceTree = "<group>";
		};
		745ADCB92B54BBAB0068D2E7 /* JsonToUIKit */ = {
			isa = PBXGroup;
			children = (
				745ADCBA2B54BBAB0068D2E7 /* AppDelegate.swift */,
				745ADCBC2B54BBAB0068D2E7 /* SceneDelegate.swift */,
				745ADCBE2B54BBAB0068D2E7 /* ContentListViewController.swift */,
				748A36322B64D0210082DCD3 /* Subview */,
				748A36302B64C54E0082DCD3 /* ViewController.swift */,
				745ADCC02B54BBAB0068D2E7 /* Main.storyboard */,
				745ADCC32B54BBAE0068D2E7 /* Assets.xcassets */,
				745ADCC52B54BBAE0068D2E7 /* LaunchScreen.storyboard */,
				745ADCC82B54BBAE0068D2E7 /* Info.plist */,
				74E6C06B2B58C2BD00D9BC1B /* Documentation.docc */,
			);
			path = JsonToUIKit;
			sourceTree = "<group>";
		};
		745ADCD02B54BBAE0068D2E7 /* JsonToUIKitTests */ = {
			isa = PBXGroup;
			children = (
				745ADCD12B54BBAE0068D2E7 /* JsonToUIKitTests.swift */,
			);
			path = JsonToUIKitTests;
			sourceTree = "<group>";
		};
		745ADCDA2B54BBAE0068D2E7 /* JsonToUIKitUITests */ = {
			isa = PBXGroup;
			children = (
				745ADCDB2B54BBAE0068D2E7 /* JsonToUIKitUITests.swift */,
				745ADCDD2B54BBAE0068D2E7 /* JsonToUIKitUITestsLaunchTests.swift */,
			);
			path = JsonToUIKitUITests;
			sourceTree = "<group>";
		};
		748A36322B64D0210082DCD3 /* Subview */ = {
			isa = PBXGroup;
			children = (
				748A36372B64D14D0082DCD3 /* TextTableViewCell.swift */,
				748A36402B6502B10082DCD3 /* ImageTableViewCell.swift */,
			);
			path = Subview;
			sourceTree = "<group>";
		};
/* End PBXGroup section */

/* Begin PBXNativeTarget section */
		745ADCB62B54BBAB0068D2E7 /* JsonToUIKit */ = {
			isa = PBXNativeTarget;
			buildConfigurationList = 745ADCE12B54BBAE0068D2E7 /* Build configuration list for PBXNativeTarget "JsonToUIKit" */;
			buildPhases = (
				745ADCB32B54BBAB0068D2E7 /* Sources */,
				745ADCB42B54BBAB0068D2E7 /* Frameworks */,
				745ADCB52B54BBAB0068D2E7 /* Resources */,
			);
			buildRules = (
			);
			dependencies = (
			);
			name = JsonToUIKit;
			packageProductDependencies = (
				748A363C2B64D4B20082DCD3 /* SnapKit */,
				748A363E2B64D4B20082DCD3 /* SnapKit-Dynamic */,
			);
			productName = JsonToUIKit;
			productReference = 745ADCB72B54BBAB0068D2E7 /* JsonToUIKit.app */;
			productType = "com.apple.product-type.application";
		};
		745ADCCC2B54BBAE0068D2E7 /* JsonToUIKitTests */ = {
			isa = PBXNativeTarget;
			buildConfigurationList = 745ADCE42B54BBAE0068D2E7 /* Build configuration list for PBXNativeTarget "JsonToUIKitTests" */;
			buildPhases = (
				745ADCC92B54BBAE0068D2E7 /* Sources */,
				745ADCCA2B54BBAE0068D2E7 /* Frameworks */,
				745ADCCB2B54BBAE0068D2E7 /* Resources */,
			);
			buildRules = (
			);
			dependencies = (
				745ADCCF2B54BBAE0068D2E7 /* PBXTargetDependency */,
			);
			name = JsonToUIKitTests;
			productName = JsonToUIKitTests;
			productReference = 745ADCCD2B54BBAE0068D2E7 /* JsonToUIKitTests.xctest */;
			productType = "com.apple.product-type.bundle.unit-test";
		};
		745ADCD62B54BBAE0068D2E7 /* JsonToUIKitUITests */ = {
			isa = PBXNativeTarget;
			buildConfigurationList = 745ADCE72B54BBAE0068D2E7 /* Build configuration list for PBXNativeTarget "JsonToUIKitUITests" */;
			buildPhases = (
				745ADCD32B54BBAE0068D2E7 /* Sources */,
				745ADCD42B54BBAE0068D2E7 /* Frameworks */,
				745ADCD52B54BBAE0068D2E7 /* Resources */,
			);
			buildRules = (
			);
			dependencies = (
				745ADCD92B54BBAE0068D2E7 /* PBXTargetDependency */,
			);
			name = JsonToUIKitUITests;
			productName = JsonToUIKitUITests;
			productReference = 745ADCD72B54BBAE0068D2E7 /* JsonToUIKitUITests.xctest */;
			productType = "com.apple.product-type.bundle.ui-testing";
		};
/* End PBXNativeTarget section */

/* Begin PBXProject section */
		745ADCAF2B54BBAB0068D2E7 /* Project object */ = {
			isa = PBXProject;
			attributes = {
				BuildIndependentTargetsInParallel = 1;
				LastSwiftUpdateCheck = 1510;
				LastUpgradeCheck = 1510;
				TargetAttributes = {
					745ADCB62B54BBAB0068D2E7 = {
						CreatedOnToolsVersion = 15.1;
					};
					745ADCCC2B54BBAE0068D2E7 = {
						CreatedOnToolsVersion = 15.1;
						TestTargetID = 745ADCB62B54BBAB0068D2E7;
					};
					745ADCD62B54BBAE0068D2E7 = {
						CreatedOnToolsVersion = 15.1;
						TestTargetID = 745ADCB62B54BBAB0068D2E7;
					};
				};
			};
			buildConfigurationList = 745ADCB22B54BBAB0068D2E7 /* Build configuration list for PBXProject "JsonToUIKit" */;
			compatibilityVersion = "Xcode 14.0";
			developmentRegion = en;
			hasScannedForEncodings = 0;
			knownRegions = (
				en,
				Base,
			);
			mainGroup = 745ADCAE2B54BBAB0068D2E7;
			packageReferences = (
				748A363B2B64D4800082DCD3 /* XCRemoteSwiftPackageReference "SnapKit" */,
			);
			productRefGroup = 745ADCB82B54BBAB0068D2E7 /* Products */;
			projectDirPath = "";
			projectRoot = "";
			targets = (
				745ADCB62B54BBAB0068D2E7 /* JsonToUIKit */,
				745ADCCC2B54BBAE0068D2E7 /* JsonToUIKitTests */,
				745ADCD62B54BBAE0068D2E7 /* JsonToUIKitUITests */,
			);
		};
/* End PBXProject section */

/* Begin PBXResourcesBuildPhase section */
		745ADCB52B54BBAB0068D2E7 /* Resources */ = {
			isa = PBXResourcesBuildPhase;
			buildActionMask = 2147483647;
			files = (
				745ADCC72B54BBAE0068D2E7 /* LaunchScreen.storyboard in Resources */,
				745ADCC42B54BBAE0068D2E7 /* Assets.xcassets in Resources */,
				745ADCC22B54BBAB0068D2E7 /* Main.storyboard in Resources */,
			);
			runOnlyForDeploymentPostprocessing = 0;
		};
		745ADCCB2B54BBAE0068D2E7 /* Resources */ = {
			isa = PBXResourcesBuildPhase;
			buildActionMask = 2147483647;
			files = (
			);
			runOnlyForDeploymentPostprocessing = 0;
		};
		745ADCD52B54BBAE0068D2E7 /* Resources */ = {
			isa = PBXResourcesBuildPhase;
			buildActionMask = 2147483647;
			files = (
			);
			runOnlyForDeploymentPostprocessing = 0;
		};
/* End PBXResourcesBuildPhase section */

/* Begin PBXSourcesBuildPhase section */
		745ADCB32B54BBAB0068D2E7 /* Sources */ = {
			isa = PBXSourcesBuildPhase;
			buildActionMask = 2147483647;
			files = (
				748A36412B6502B10082DCD3 /* ImageTableViewCell.swift in Sources */,
				748A36392B64D14D0082DCD3 /* TextTableViewCell.swift in Sources */,
				748A36312B64C54E0082DCD3 /* ViewController.swift in Sources */,
				745ADCBF2B54BBAB0068D2E7 /* ContentListViewController.swift in Sources */,
				745ADCBB2B54BBAB0068D2E7 /* AppDelegate.swift in Sources */,
				745ADCBD2B54BBAB0068D2E7 /* SceneDelegate.swift in Sources */,
				74E6C06C2B58C2BD00D9BC1B /* Documentation.docc in Sources */,
			);
			runOnlyForDeploymentPostprocessing = 0;
		};
		745ADCC92B54BBAE0068D2E7 /* Sources */ = {
			isa = PBXSourcesBuildPhase;
			buildActionMask = 2147483647;
			files = (
				745ADCD22B54BBAE0068D2E7 /* JsonToUIKitTests.swift in Sources */,
			);
			runOnlyForDeploymentPostprocessing = 0;
		};
		745ADCD32B54BBAE0068D2E7 /* Sources */ = {
			isa = PBXSourcesBuildPhase;
			buildActionMask = 2147483647;
			files = (
				745ADCDE2B54BBAE0068D2E7 /* JsonToUIKitUITestsLaunchTests.swift in Sources */,
				745ADCDC2B54BBAE0068D2E7 /* JsonToUIKitUITests.swift in Sources */,
			);
			runOnlyForDeploymentPostprocessing = 0;
		};
/* End PBXSourcesBuildPhase section */

/* Begin PBXTargetDependency section */
		745ADCCF2B54BBAE0068D2E7 /* PBXTargetDependency */ = {
			isa = PBXTargetDependency;
			target = 745ADCB62B54BBAB0068D2E7 /* JsonToUIKit */;
			targetProxy = 745ADCCE2B54BBAE0068D2E7 /* PBXContainerItemProxy */;
		};
		745ADCD92B54BBAE0068D2E7 /* PBXTargetDependency */ = {
			isa = PBXTargetDependency;
			target = 745ADCB62B54BBAB0068D2E7 /* JsonToUIKit */;
			targetProxy = 745ADCD82B54BBAE0068D2E7 /* PBXContainerItemProxy */;
		};
/* End PBXTargetDependency section */

/* Begin PBXVariantGroup section */
		745ADCC02B54BBAB0068D2E7 /* Main.storyboard */ = {
			isa = PBXVariantGroup;
			children = (
				745ADCC12B54BBAB0068D2E7 /* Base */,
			);
			name = Main.storyboard;
			sourceTree = "<group>";
		};
		745ADCC52B54BBAE0068D2E7 /* LaunchScreen.storyboard */ = {
			isa = PBXVariantGroup;
			children = (
				745ADCC62B54BBAE0068D2E7 /* Base */,
			);
			name = LaunchScreen.storyboard;
			sourceTree = "<group>";
		};
/* End PBXVariantGroup section */

/* Begin XCBuildConfiguration section */
		745ADCDF2B54BBAE0068D2E7 /* Debug */ = {
			isa = XCBuildConfiguration;
			buildSettings = {
				ALWAYS_SEARCH_USER_PATHS = NO;
				ASSETCATALOG_COMPILER_GENERATE_SWIFT_ASSET_SYMBOL_EXTENSIONS = YES;
				CLANG_ANALYZER_NONNULL = YES;
				CLANG_ANALYZER_NUMBER_OBJECT_CONVERSION = YES_AGGRESSIVE;
				CLANG_CXX_LANGUAGE_STANDARD = "gnu++20";
				CLANG_ENABLE_MODULES = YES;
				CLANG_ENABLE_OBJC_ARC = YES;
				CLANG_ENABLE_OBJC_WEAK = YES;
				CLANG_WARN_BLOCK_CAPTURE_AUTORELEASING = YES;
				CLANG_WARN_BOOL_CONVERSION = YES;
				CLANG_WARN_COMMA = YES;
				CLANG_WARN_CONSTANT_CONVERSION = YES;
				CLANG_WARN_DEPRECATED_OBJC_IMPLEMENTATIONS = YES;
				CLANG_WARN_DIRECT_OBJC_ISA_USAGE = YES_ERROR;
				CLANG_WARN_DOCUMENTATION_COMMENTS = YES;
				CLANG_WARN_EMPTY_BODY = YES;
				CLANG_WARN_ENUM_CONVERSION = YES;
				CLANG_WARN_INFINITE_RECURSION = YES;
				CLANG_WARN_INT_CONVERSION = YES;
				CLANG_WARN_NON_LITERAL_NULL_CONVERSION = YES;
				CLANG_WARN_OBJC_IMPLICIT_RETAIN_SELF = YES;
				CLANG_WARN_OBJC_LITERAL_CONVERSION = YES;
				CLANG_WARN_OBJC_ROOT_CLASS = YES_ERROR;
				CLANG_WARN_QUOTED_INCLUDE_IN_FRAMEWORK_HEADER = YES;
				CLANG_WARN_RANGE_LOOP_ANALYSIS = YES;
				CLANG_WARN_STRICT_PROTOTYPES = YES;
				CLANG_WARN_SUSPICIOUS_MOVE = YES;
				CLANG_WARN_UNGUARDED_AVAILABILITY = YES_AGGRESSIVE;
				CLANG_WARN_UNREACHABLE_CODE = YES;
				CLANG_WARN__DUPLICATE_METHOD_MATCH = YES;
				COPY_PHASE_STRIP = NO;
				DEBUG_INFORMATION_FORMAT = dwarf;
				ENABLE_STRICT_OBJC_MSGSEND = YES;
				ENABLE_TESTABILITY = YES;
				ENABLE_USER_SCRIPT_SANDBOXING = YES;
				GCC_C_LANGUAGE_STANDARD = gnu17;
				GCC_DYNAMIC_NO_PIC = NO;
				GCC_NO_COMMON_BLOCKS = YES;
				GCC_OPTIMIZATION_LEVEL = 0;
				GCC_PREPROCESSOR_DEFINITIONS = (
					"DEBUG=1",
					"$(inherited)",
				);
				GCC_WARN_64_TO_32_BIT_CONVERSION = YES;
				GCC_WARN_ABOUT_RETURN_TYPE = YES_ERROR;
				GCC_WARN_UNDECLARED_SELECTOR = YES;
				GCC_WARN_UNINITIALIZED_AUTOS = YES_AGGRESSIVE;
				GCC_WARN_UNUSED_FUNCTION = YES;
				GCC_WARN_UNUSED_VARIABLE = YES;
				IPHONEOS_DEPLOYMENT_TARGET = 17.2;
				LOCALIZATION_PREFERS_STRING_CATALOGS = YES;
				MTL_ENABLE_DEBUG_INFO = INCLUDE_SOURCE;
				MTL_FAST_MATH = YES;
				ONLY_ACTIVE_ARCH = YES;
				SDKROOT = iphoneos;
				SWIFT_ACTIVE_COMPILATION_CONDITIONS = "DEBUG $(inherited)";
				SWIFT_OPTIMIZATION_LEVEL = "-Onone";
			};
			name = Debug;
		};
		745ADCE02B54BBAE0068D2E7 /* Release */ = {
			isa = XCBuildConfiguration;
			buildSettings = {
				ALWAYS_SEARCH_USER_PATHS = NO;
				ASSETCATALOG_COMPILER_GENERATE_SWIFT_ASSET_SYMBOL_EXTENSIONS = YES;
				CLANG_ANALYZER_NONNULL = YES;
				CLANG_ANALYZER_NUMBER_OBJECT_CONVERSION = YES_AGGRESSIVE;
				CLANG_CXX_LANGUAGE_STANDARD = "gnu++20";
				CLANG_ENABLE_MODULES = YES;
				CLANG_ENABLE_OBJC_ARC = YES;
				CLANG_ENABLE_OBJC_WEAK = YES;
				CLANG_WARN_BLOCK_CAPTURE_AUTORELEASING = YES;
				CLANG_WARN_BOOL_CONVERSION = YES;
				CLANG_WARN_COMMA = YES;
				CLANG_WARN_CONSTANT_CONVERSION = YES;
				CLANG_WARN_DEPRECATED_OBJC_IMPLEMENTATIONS = YES;
				CLANG_WARN_DIRECT_OBJC_ISA_USAGE = YES_ERROR;
				CLANG_WARN_DOCUMENTATION_COMMENTS = YES;
				CLANG_WARN_EMPTY_BODY = YES;
				CLANG_WARN_ENUM_CONVERSION = YES;
				CLANG_WARN_INFINITE_RECURSION = YES;
				CLANG_WARN_INT_CONVERSION = YES;
				CLANG_WARN_NON_LITERAL_NULL_CONVERSION = YES;
				CLANG_WARN_OBJC_IMPLICIT_RETAIN_SELF = YES;
				CLANG_WARN_OBJC_LITERAL_CONVERSION = YES;
				CLANG_WARN_OBJC_ROOT_CLASS = YES_ERROR;
				CLANG_WARN_QUOTED_INCLUDE_IN_FRAMEWORK_HEADER = YES;
				CLANG_WARN_RANGE_LOOP_ANALYSIS = YES;
				CLANG_WARN_STRICT_PROTOTYPES = YES;
				CLANG_WARN_SUSPICIOUS_MOVE = YES;
				CLANG_WARN_UNGUARDED_AVAILABILITY = YES_AGGRESSIVE;
				CLANG_WARN_UNREACHABLE_CODE = YES;
				CLANG_WARN__DUPLICATE_METHOD_MATCH = YES;
				COPY_PHASE_STRIP = NO;
				DEBUG_INFORMATION_FORMAT = "dwarf-with-dsym";
				ENABLE_NS_ASSERTIONS = NO;
				ENABLE_STRICT_OBJC_MSGSEND = YES;
				ENABLE_USER_SCRIPT_SANDBOXING = YES;
				GCC_C_LANGUAGE_STANDARD = gnu17;
				GCC_NO_COMMON_BLOCKS = YES;
				GCC_WARN_64_TO_32_BIT_CONVERSION = YES;
				GCC_WARN_ABOUT_RETURN_TYPE = YES_ERROR;
				GCC_WARN_UNDECLARED_SELECTOR = YES;
				GCC_WARN_UNINITIALIZED_AUTOS = YES_AGGRESSIVE;
				GCC_WARN_UNUSED_FUNCTION = YES;
				GCC_WARN_UNUSED_VARIABLE = YES;
				IPHONEOS_DEPLOYMENT_TARGET = 17.2;
				LOCALIZATION_PREFERS_STRING_CATALOGS = YES;
				MTL_ENABLE_DEBUG_INFO = NO;
				MTL_FAST_MATH = YES;
				SDKROOT = iphoneos;
				SWIFT_COMPILATION_MODE = wholemodule;
				VALIDATE_PRODUCT = YES;
			};
			name = Release;
		};
		745ADCE22B54BBAE0068D2E7 /* Debug */ = {
			isa = XCBuildConfiguration;
			buildSettings = {
				ASSETCATALOG_COMPILER_APPICON_NAME = AppIcon;
				ASSETCATALOG_COMPILER_GLOBAL_ACCENT_COLOR_NAME = AccentColor;
				CODE_SIGN_STYLE = Automatic;
				CURRENT_PROJECT_VERSION = 1;
				DEVELOPMENT_TEAM = 827YX997NH;
				GENERATE_INFOPLIST_FILE = YES;
				INFOPLIST_FILE = JsonToUIKit/Info.plist;
				INFOPLIST_KEY_UIApplicationSupportsIndirectInputEvents = YES;
				INFOPLIST_KEY_UILaunchStoryboardName = LaunchScreen;
				INFOPLIST_KEY_UIMainStoryboardFile = Main;
				INFOPLIST_KEY_UISupportedInterfaceOrientations_iPad = "UIInterfaceOrientationPortrait UIInterfaceOrientationPortraitUpsideDown UIInterfaceOrientationLandscapeLeft UIInterfaceOrientationLandscapeRight";
				INFOPLIST_KEY_UISupportedInterfaceOrientations_iPhone = "UIInterfaceOrientationPortrait UIInterfaceOrientationLandscapeLeft UIInterfaceOrientationLandscapeRight";
				LD_RUNPATH_SEARCH_PATHS = (
					"$(inherited)",
					"@executable_path/Frameworks",
				);
				MARKETING_VERSION = 1.0;
				PRODUCT_BUNDLE_IDENTIFIER = krgoodnews.JsonToUIKit;
				PRODUCT_NAME = "$(TARGET_NAME)";
				SWIFT_EMIT_LOC_STRINGS = YES;
				SWIFT_VERSION = 5.0;
				TARGETED_DEVICE_FAMILY = "1,2";
			};
			name = Debug;
		};
		745ADCE32B54BBAE0068D2E7 /* Release */ = {
			isa = XCBuildConfiguration;
			buildSettings = {
				ASSETCATALOG_COMPILER_APPICON_NAME = AppIcon;
				ASSETCATALOG_COMPILER_GLOBAL_ACCENT_COLOR_NAME = AccentColor;
				CODE_SIGN_STYLE = Automatic;
				CURRENT_PROJECT_VERSION = 1;
				DEVELOPMENT_TEAM = 827YX997NH;
				GENERATE_INFOPLIST_FILE = YES;
				INFOPLIST_FILE = JsonToUIKit/Info.plist;
				INFOPLIST_KEY_UIApplicationSupportsIndirectInputEvents = YES;
				INFOPLIST_KEY_UILaunchStoryboardName = LaunchScreen;
				INFOPLIST_KEY_UIMainStoryboardFile = Main;
				INFOPLIST_KEY_UISupportedInterfaceOrientations_iPad = "UIInterfaceOrientationPortrait UIInterfaceOrientationPortraitUpsideDown UIInterfaceOrientationLandscapeLeft UIInterfaceOrientationLandscapeRight";
				INFOPLIST_KEY_UISupportedInterfaceOrientations_iPhone = "UIInterfaceOrientationPortrait UIInterfaceOrientationLandscapeLeft UIInterfaceOrientationLandscapeRight";
				LD_RUNPATH_SEARCH_PATHS = (
					"$(inherited)",
					"@executable_path/Frameworks",
				);
				MARKETING_VERSION = 1.0;
				PRODUCT_BUNDLE_IDENTIFIER = krgoodnews.JsonToUIKit;
				PRODUCT_NAME = "$(TARGET_NAME)";
				SWIFT_EMIT_LOC_STRINGS = YES;
				SWIFT_VERSION = 5.0;
				TARGETED_DEVICE_FAMILY = "1,2";
			};
			name = Release;
		};
		745ADCE52B54BBAE0068D2E7 /* Debug */ = {
			isa = XCBuildConfiguration;
			buildSettings = {
				ALWAYS_EMBED_SWIFT_STANDARD_LIBRARIES = YES;
				BUNDLE_LOADER = "$(TEST_HOST)";
				CODE_SIGN_STYLE = Automatic;
				CURRENT_PROJECT_VERSION = 1;
				DEVELOPMENT_TEAM = 827YX997NH;
				GENERATE_INFOPLIST_FILE = YES;
				IPHONEOS_DEPLOYMENT_TARGET = 17.2;
				MARKETING_VERSION = 1.0;
				PRODUCT_BUNDLE_IDENTIFIER = krgoodnews.JsonToUIKitTests;
				PRODUCT_NAME = "$(TARGET_NAME)";
				SWIFT_EMIT_LOC_STRINGS = NO;
				SWIFT_VERSION = 5.0;
				TARGETED_DEVICE_FAMILY = "1,2";
				TEST_HOST = "$(BUILT_PRODUCTS_DIR)/JsonToUIKit.app/$(BUNDLE_EXECUTABLE_FOLDER_PATH)/JsonToUIKit";
			};
			name = Debug;
		};
		745ADCE62B54BBAE0068D2E7 /* Release */ = {
			isa = XCBuildConfiguration;
			buildSettings = {
				ALWAYS_EMBED_SWIFT_STANDARD_LIBRARIES = YES;
				BUNDLE_LOADER = "$(TEST_HOST)";
				CODE_SIGN_STYLE = Automatic;
				CURRENT_PROJECT_VERSION = 1;
				DEVELOPMENT_TEAM = 827YX997NH;
				GENERATE_INFOPLIST_FILE = YES;
				IPHONEOS_DEPLOYMENT_TARGET = 17.2;
				MARKETING_VERSION = 1.0;
				PRODUCT_BUNDLE_IDENTIFIER = krgoodnews.JsonToUIKitTests;
				PRODUCT_NAME = "$(TARGET_NAME)";
				SWIFT_EMIT_LOC_STRINGS = NO;
				SWIFT_VERSION = 5.0;
				TARGETED_DEVICE_FAMILY = "1,2";
				TEST_HOST = "$(BUILT_PRODUCTS_DIR)/JsonToUIKit.app/$(BUNDLE_EXECUTABLE_FOLDER_PATH)/JsonToUIKit";
			};
			name = Release;
		};
		745ADCE82B54BBAE0068D2E7 /* Debug */ = {
			isa = XCBuildConfiguration;
			buildSettings = {
				ALWAYS_EMBED_SWIFT_STANDARD_LIBRARIES = YES;
				CODE_SIGN_STYLE = Automatic;
				CURRENT_PROJECT_VERSION = 1;
				DEVELOPMENT_TEAM = 827YX997NH;
				GENERATE_INFOPLIST_FILE = YES;
				MARKETING_VERSION = 1.0;
				PRODUCT_BUNDLE_IDENTIFIER = krgoodnews.JsonToUIKitUITests;
				PRODUCT_NAME = "$(TARGET_NAME)";
				SWIFT_EMIT_LOC_STRINGS = NO;
				SWIFT_VERSION = 5.0;
				TARGETED_DEVICE_FAMILY = "1,2";
				TEST_TARGET_NAME = JsonToUIKit;
			};
			name = Debug;
		};
		745ADCE92B54BBAE0068D2E7 /* Release */ = {
			isa = XCBuildConfiguration;
			buildSettings = {
				ALWAYS_EMBED_SWIFT_STANDARD_LIBRARIES = YES;
				CODE_SIGN_STYLE = Automatic;
				CURRENT_PROJECT_VERSION = 1;
				DEVELOPMENT_TEAM = 827YX997NH;
				GENERATE_INFOPLIST_FILE = YES;
				MARKETING_VERSION = 1.0;
				PRODUCT_BUNDLE_IDENTIFIER = krgoodnews.JsonToUIKitUITests;
				PRODUCT_NAME = "$(TARGET_NAME)";
				SWIFT_EMIT_LOC_STRINGS = NO;
				SWIFT_VERSION = 5.0;
				TARGETED_DEVICE_FAMILY = "1,2";
				TEST_TARGET_NAME = JsonToUIKit;
			};
			name = Release;
		};
/* End XCBuildConfiguration section */

/* Begin XCConfigurationList section */
		745ADCB22B54BBAB0068D2E7 /* Build configuration list for PBXProject "JsonToUIKit" */ = {
			isa = XCConfigurationList;
			buildConfigurations = (
				745ADCDF2B54BBAE0068D2E7 /* Debug */,
				745ADCE02B54BBAE0068D2E7 /* Release */,
			);
			defaultConfigurationIsVisible = 0;
			defaultConfigurationName = Release;
		};
		745ADCE12B54BBAE0068D2E7 /* Build configuration list for PBXNativeTarget "JsonToUIKit" */ = {
			isa = XCConfigurationList;
			buildConfigurations = (
				745ADCE22B54BBAE0068D2E7 /* Debug */,
				745ADCE32B54BBAE0068D2E7 /* Release */,
			);
			defaultConfigurationIsVisible = 0;
			defaultConfigurationName = Release;
		};
		745ADCE42B54BBAE0068D2E7 /* Build configuration list for PBXNativeTarget "JsonToUIKitTests" */ = {
			isa = XCConfigurationList;
			buildConfigurations = (
				745ADCE52B54BBAE0068D2E7 /* Debug */,
				745ADCE62B54BBAE0068D2E7 /* Release */,
			);
			defaultConfigurationIsVisible = 0;
			defaultConfigurationName = Release;
		};
		745ADCE72B54BBAE0068D2E7 /* Build configuration list for PBXNativeTarget "JsonToUIKitUITests" */ = {
			isa = XCConfigurationList;
			buildConfigurations = (
				745ADCE82B54BBAE0068D2E7 /* Debug */,
				745ADCE92B54BBAE0068D2E7 /* Release */,
			);
			defaultConfigurationIsVisible = 0;
			defaultConfigurationName = Release;
		};
/* End XCConfigurationList section */

/* Begin XCRemoteSwiftPackageReference section */
		748A363B2B64D4800082DCD3 /* XCRemoteSwiftPackageReference "SnapKit" */ = {
			isa = XCRemoteSwiftPackageReference;
			repositoryURL = "https://github.com/SnapKit/SnapKit.git";
			requirement = {
				kind = upToNextMajorVersion;
				minimumVersion = 5.7.0;
			};
		};
/* End XCRemoteSwiftPackageReference section */

/* Begin XCSwiftPackageProductDependency section */
		748A363C2B64D4B20082DCD3 /* SnapKit */ = {
			isa = XCSwiftPackageProductDependency;
			productName = SnapKit;
		};
		748A363E2B64D4B20082DCD3 /* SnapKit-Dynamic */ = {
			isa = XCSwiftPackageProductDependency;
			productName = "SnapKit-Dynamic";
		};
/* End XCSwiftPackageProductDependency section */
	};
	rootObject = 745ADCAF2B54BBAB0068D2E7 /* Project object */;
}
